// !$*UTF8*$!
{
	archiveVersion = 1;
	classes = {
	};
	objectVersion = 46;
	objects = {

/* Begin PBXBuildFile section */
		5B734BE815EE865900C2936F /* FMAppDelegate.m in Sources */ = {isa = PBXBuildFile; fileRef = 5B734BE715EE865900C2936F /* FMAppDelegate.m */; };
		5BA315DF15EE8EE800FAB508 /* FacebookSDKResources.bundle in Resources */ = {isa = PBXBuildFile; fileRef = 5BA315DE15EE8EE800FAB508 /* FacebookSDKResources.bundle */; };
		5BA315E115EE8EEE00FAB508 /* FBUserSettingsViewResources.bundle in Resources */ = {isa = PBXBuildFile; fileRef = 5BA315E015EE8EEE00FAB508 /* FBUserSettingsViewResources.bundle */; };
		5BA315E315EE8EFA00FAB508 /* FacebookSDK.framework in Frameworks */ = {isa = PBXBuildFile; fileRef = 5BA315E215EE8EFA00FAB508 /* FacebookSDK.framework */; };
		5BA315EA15EEA45600FAB508 /* FMEvent.m in Sources */ = {isa = PBXBuildFile; fileRef = 5BA315E915EEA45600FAB508 /* FMEvent.m */; };
		5BA315EF15EEADFA00FAB508 /* FMEventController.m in Sources */ = {isa = PBXBuildFile; fileRef = 5BA315ED15EEADFA00FAB508 /* FMEventController.m */; };
		5BA315F015EEADFA00FAB508 /* FMEventController.xib in Resources */ = {isa = PBXBuildFile; fileRef = 5BA315EE15EEADFA00FAB508 /* FMEventController.xib */; };
		5BA315F315EEB57400FAB508 /* FMFriend.m in Sources */ = {isa = PBXBuildFile; fileRef = 5BA315F215EEB57400FAB508 /* FMFriend.m */; };
		5BA3164715EEC20D00FAB508 /* ASIAuthenticationDialog.m in Sources */ = {isa = PBXBuildFile; fileRef = 5BA315F615EEC20D00FAB508 /* ASIAuthenticationDialog.m */; };
		5BA3164815EEC20D00FAB508 /* ASIDataCompressor.m in Sources */ = {isa = PBXBuildFile; fileRef = 5BA315F915EEC20D00FAB508 /* ASIDataCompressor.m */; };
		5BA3164915EEC20D00FAB508 /* ASIDataDecompressor.m in Sources */ = {isa = PBXBuildFile; fileRef = 5BA315FB15EEC20D00FAB508 /* ASIDataDecompressor.m */; };
		5BA3164A15EEC20D00FAB508 /* ASIDownloadCache.m in Sources */ = {isa = PBXBuildFile; fileRef = 5BA315FD15EEC20D00FAB508 /* ASIDownloadCache.m */; };
		5BA3164B15EEC20D00FAB508 /* ASIFormDataRequest.m in Sources */ = {isa = PBXBuildFile; fileRef = 5BA315FF15EEC20D00FAB508 /* ASIFormDataRequest.m */; };
		5BA3164C15EEC20D00FAB508 /* ASIHTTPRequest.m in Sources */ = {isa = PBXBuildFile; fileRef = 5BA3160115EEC20D00FAB508 /* ASIHTTPRequest.m */; };
		5BA3164D15EEC20D00FAB508 /* ASIInputStream.m in Sources */ = {isa = PBXBuildFile; fileRef = 5BA3160515EEC20D00FAB508 /* ASIInputStream.m */; };
		5BA3164E15EEC20D00FAB508 /* ASINetworkQueue.m in Sources */ = {isa = PBXBuildFile; fileRef = 5BA3160715EEC20D00FAB508 /* ASINetworkQueue.m */; };
		5BA3164F15EEC20D00FAB508 /* ASIWebPageRequest.m in Sources */ = {isa = PBXBuildFile; fileRef = 5BA3160B15EEC20D00FAB508 /* ASIWebPageRequest.m */; };
		5BA3165015EEC20D00FAB508 /* ASICloudFilesCDNRequest.m in Sources */ = {isa = PBXBuildFile; fileRef = 5BA3160E15EEC20D00FAB508 /* ASICloudFilesCDNRequest.m */; };
		5BA3165115EEC20D00FAB508 /* ASICloudFilesContainer.m in Sources */ = {isa = PBXBuildFile; fileRef = 5BA3161015EEC20D00FAB508 /* ASICloudFilesContainer.m */; };
		5BA3165215EEC20D00FAB508 /* ASICloudFilesContainerRequest.m in Sources */ = {isa = PBXBuildFile; fileRef = 5BA3161215EEC20D00FAB508 /* ASICloudFilesContainerRequest.m */; };
		5BA3165315EEC20D00FAB508 /* ASICloudFilesContainerXMLParserDelegate.m in Sources */ = {isa = PBXBuildFile; fileRef = 5BA3161415EEC20D00FAB508 /* ASICloudFilesContainerXMLParserDelegate.m */; };
		5BA3165415EEC20D00FAB508 /* ASICloudFilesObject.m in Sources */ = {isa = PBXBuildFile; fileRef = 5BA3161615EEC20D00FAB508 /* ASICloudFilesObject.m */; };
		5BA3165515EEC20D00FAB508 /* ASICloudFilesObjectRequest.m in Sources */ = {isa = PBXBuildFile; fileRef = 5BA3161815EEC20D00FAB508 /* ASICloudFilesObjectRequest.m */; };
		5BA3165615EEC20D00FAB508 /* ASICloudFilesRequest.m in Sources */ = {isa = PBXBuildFile; fileRef = 5BA3161A15EEC20D00FAB508 /* ASICloudFilesRequest.m */; };
		5BA3165715EEC20D00FAB508 /* ASIS3Bucket.m in Sources */ = {isa = PBXBuildFile; fileRef = 5BA3161E15EEC20D00FAB508 /* ASIS3Bucket.m */; };
		5BA3165815EEC20D00FAB508 /* ASIS3BucketObject.m in Sources */ = {isa = PBXBuildFile; fileRef = 5BA3162015EEC20D00FAB508 /* ASIS3BucketObject.m */; };
		5BA3165915EEC20D00FAB508 /* ASIS3BucketRequest.m in Sources */ = {isa = PBXBuildFile; fileRef = 5BA3162215EEC20D00FAB508 /* ASIS3BucketRequest.m */; };
		5BA3165A15EEC20D00FAB508 /* ASIS3ObjectRequest.m in Sources */ = {isa = PBXBuildFile; fileRef = 5BA3162415EEC20D00FAB508 /* ASIS3ObjectRequest.m */; };
		5BA3165B15EEC20D00FAB508 /* ASIS3Request.m in Sources */ = {isa = PBXBuildFile; fileRef = 5BA3162615EEC20D00FAB508 /* ASIS3Request.m */; };
		5BA3165C15EEC20D00FAB508 /* ASIS3ServiceRequest.m in Sources */ = {isa = PBXBuildFile; fileRef = 5BA3162815EEC20D00FAB508 /* ASIS3ServiceRequest.m */; };
		5BA3165D15EEC20D00FAB508 /* ASICloudFilesRequestTests.m in Sources */ = {isa = PBXBuildFile; fileRef = 5BA3162B15EEC20D00FAB508 /* ASICloudFilesRequestTests.m */; };
		5BA3165E15EEC20D00FAB508 /* ASIDataCompressorTests.m in Sources */ = {isa = PBXBuildFile; fileRef = 5BA3162D15EEC20D00FAB508 /* ASIDataCompressorTests.m */; };
		5BA3165F15EEC20D00FAB508 /* ASIDownloadCacheTests.m in Sources */ = {isa = PBXBuildFile; fileRef = 5BA3162F15EEC20D00FAB508 /* ASIDownloadCacheTests.m */; };
		5BA3166015EEC20D00FAB508 /* ASIFormDataRequestTests.m in Sources */ = {isa = PBXBuildFile; fileRef = 5BA3163115EEC20D00FAB508 /* ASIFormDataRequestTests.m */; };
		5BA3166115EEC20D00FAB508 /* ASIHTTPRequestTests.m in Sources */ = {isa = PBXBuildFile; fileRef = 5BA3163315EEC20D00FAB508 /* ASIHTTPRequestTests.m */; };
		5BA3166215EEC20D00FAB508 /* ASINetworkQueueTests.m in Sources */ = {isa = PBXBuildFile; fileRef = 5BA3163515EEC20D00FAB508 /* ASINetworkQueueTests.m */; };
		5BA3166315EEC20D00FAB508 /* ASIS3RequestTests.m in Sources */ = {isa = PBXBuildFile; fileRef = 5BA3163715EEC20D00FAB508 /* ASIS3RequestTests.m */; };
		5BA3166415EEC20D00FAB508 /* ASITestCase.m in Sources */ = {isa = PBXBuildFile; fileRef = 5BA3163915EEC20D00FAB508 /* ASITestCase.m */; };
		5BA3166515EEC20D00FAB508 /* ASIWebPageRequestTests.m in Sources */ = {isa = PBXBuildFile; fileRef = 5BA3163B15EEC20D00FAB508 /* ASIWebPageRequestTests.m */; };
		5BA3166615EEC20D00FAB508 /* BlocksTests.m in Sources */ = {isa = PBXBuildFile; fileRef = 5BA3163D15EEC20D00FAB508 /* BlocksTests.m */; };
		5BA3166715EEC20D00FAB508 /* ClientCertificateTests.m in Sources */ = {isa = PBXBuildFile; fileRef = 5BA3163F15EEC20D00FAB508 /* ClientCertificateTests.m */; };
		5BA3166815EEC20D00FAB508 /* GHUnitTestMain.m in Sources */ = {isa = PBXBuildFile; fileRef = 5BA3164015EEC20D00FAB508 /* GHUnitTestMain.m */; };
		5BA3166915EEC20D00FAB508 /* PerformanceTests.m in Sources */ = {isa = PBXBuildFile; fileRef = 5BA3164215EEC20D00FAB508 /* PerformanceTests.m */; };
		5BA3166A15EEC20D00FAB508 /* ProxyTests.m in Sources */ = {isa = PBXBuildFile; fileRef = 5BA3164415EEC20D00FAB508 /* ProxyTests.m */; };
		5BA3166B15EEC20D00FAB508 /* StressTests.m in Sources */ = {isa = PBXBuildFile; fileRef = 5BA3164615EEC20D00FAB508 /* StressTests.m */; };
		846809C1158F85A100F2DBB9 /* action-eating.png in Resources */ = {isa = PBXBuildFile; fileRef = 846809BD158F85A100F2DBB9 /* action-eating.png */; };
		846809C2158F85A100F2DBB9 /* action-location.png in Resources */ = {isa = PBXBuildFile; fileRef = 846809BE158F85A100F2DBB9 /* action-location.png */; };
		846809C3158F85A100F2DBB9 /* action-people.png in Resources */ = {isa = PBXBuildFile; fileRef = 846809BF158F85A100F2DBB9 /* action-people.png */; };
		846809C4158F85A100F2DBB9 /* action-photo.png in Resources */ = {isa = PBXBuildFile; fileRef = 846809C0158F85A100F2DBB9 /* action-photo.png */; };
		84A5DA9615A68A3D00FE54AF /* Accounts.framework in Frameworks */ = {isa = PBXBuildFile; fileRef = 84A5DA9515A68A3D00FE54AF /* Accounts.framework */; settings = {ATTRIBUTES = (Weak, ); }; };
		856DC21A1577F105001FA6A6 /* Icon-72.png in Resources */ = {isa = PBXBuildFile; fileRef = 856DC2171577F105001FA6A6 /* Icon-72.png */; };
		856DC21B1577F105001FA6A6 /* Icon.png in Resources */ = {isa = PBXBuildFile; fileRef = 856DC2181577F105001FA6A6 /* Icon.png */; };
		856DC21C1577F105001FA6A6 /* Icon@2x.png in Resources */ = {isa = PBXBuildFile; fileRef = 856DC2191577F105001FA6A6 /* Icon@2x.png */; };
		8592BE3D15816CCC00056680 /* AddressBook.framework in Frameworks */ = {isa = PBXBuildFile; fileRef = 8592BE3C15816CCC00056680 /* AddressBook.framework */; };
		B9C1C35915129F0E008FA5D1 /* CoreLocation.framework in Frameworks */ = {isa = PBXBuildFile; fileRef = B9C1C35815129F0E008FA5D1 /* CoreLocation.framework */; };
		B9CD0A74150EA4DD00560A93 /* UIKit.framework in Frameworks */ = {isa = PBXBuildFile; fileRef = B9CD0A73150EA4DD00560A93 /* UIKit.framework */; };
		B9CD0A76150EA4DD00560A93 /* Foundation.framework in Frameworks */ = {isa = PBXBuildFile; fileRef = B9CD0A75150EA4DD00560A93 /* Foundation.framework */; };
		B9CD0A78150EA4DD00560A93 /* CoreGraphics.framework in Frameworks */ = {isa = PBXBuildFile; fileRef = B9CD0A77150EA4DD00560A93 /* CoreGraphics.framework */; };
		B9CD0A7E150EA4DD00560A93 /* InfoPlist.strings in Resources */ = {isa = PBXBuildFile; fileRef = B9CD0A7C150EA4DD00560A93 /* InfoPlist.strings */; };
		B9CD0A80150EA4DD00560A93 /* main.m in Sources */ = {isa = PBXBuildFile; fileRef = B9CD0A7F150EA4DD00560A93 /* main.m */; };
		B9CD0A87150EA4DD00560A93 /* FMViewController.m in Sources */ = {isa = PBXBuildFile; fileRef = B9CD0A86150EA4DD00560A93 /* FMViewController.m */; };
		B9CD0A8D150EA4DE00560A93 /* FMViewController.xib in Resources */ = {isa = PBXBuildFile; fileRef = B9CD0A8B150EA4DE00560A93 /* FMViewController.xib */; };
		B9CD0A96150EBF5400560A93 /* FMLoginViewController.m in Sources */ = {isa = PBXBuildFile; fileRef = B9CD0A94150EBF5400560A93 /* FMLoginViewController.m */; };
		B9CD0A97150EBF5400560A93 /* FMLoginViewController.xib in Resources */ = {isa = PBXBuildFile; fileRef = B9CD0A95150EBF5400560A93 /* FMLoginViewController.xib */; };
		B9CD0A9A150EBFFB00560A93 /* facebook.png in Resources */ = {isa = PBXBuildFile; fileRef = B9CD0A99150EBFFB00560A93 /* facebook.png */; };
		DDBF24B71590050600BAAB8F /* FMPhotoViewController.m in Sources */ = {isa = PBXBuildFile; fileRef = DDBF24B51590050600BAAB8F /* FMPhotoViewController.m */; };
		DDBF24B81590050600BAAB8F /* FMPhotoViewController.xib in Resources */ = {isa = PBXBuildFile; fileRef = DDBF24B61590050600BAAB8F /* FMPhotoViewController.xib */; };
/* End PBXBuildFile section */

/* Begin PBXFileReference section */
		5B734BE715EE865900C2936F /* FMAppDelegate.m */ = {isa = PBXFileReference; fileEncoding = 4; lastKnownFileType = sourcecode.c.objc; name = FMAppDelegate.m; path = scrumptious/FMAppDelegate.m; sourceTree = SOURCE_ROOT; };
		5BA315DE15EE8EE800FAB508 /* FacebookSDKResources.bundle */ = {isa = PBXFileReference; lastKnownFileType = "wrapper.plug-in"; name = FacebookSDKResources.bundle; path = ../../../../FacebookSDK/FacebookSDK.framework/Versions/A/Resources/FacebookSDKResources.bundle; sourceTree = "<group>"; };
		5BA315E015EE8EEE00FAB508 /* FBUserSettingsViewResources.bundle */ = {isa = PBXFileReference; lastKnownFileType = "wrapper.plug-in"; name = FBUserSettingsViewResources.bundle; path = ../../../../FacebookSDK/FacebookSDK.framework/Versions/A/Resources/FBUserSettingsViewResources.bundle; sourceTree = "<group>"; };
		5BA315E215EE8EFA00FAB508 /* FacebookSDK.framework */ = {isa = PBXFileReference; lastKnownFileType = wrapper.framework; name = FacebookSDK.framework; path = ../../../../FacebookSDK/FacebookSDK.framework; sourceTree = "<group>"; };
		5BA315E815EEA45600FAB508 /* FMEvent.h */ = {isa = PBXFileReference; fileEncoding = 4; lastKnownFileType = sourcecode.c.h; name = FMEvent.h; path = scrumptious/FMEvent.h; sourceTree = SOURCE_ROOT; };
		5BA315E915EEA45600FAB508 /* FMEvent.m */ = {isa = PBXFileReference; fileEncoding = 4; lastKnownFileType = sourcecode.c.objc; name = FMEvent.m; path = scrumptious/FMEvent.m; sourceTree = SOURCE_ROOT; };
		5BA315EC15EEADFA00FAB508 /* FMEventController.h */ = {isa = PBXFileReference; fileEncoding = 4; lastKnownFileType = sourcecode.c.h; name = FMEventController.h; path = scrumptious/FMEventController.h; sourceTree = SOURCE_ROOT; };
		5BA315ED15EEADFA00FAB508 /* FMEventController.m */ = {isa = PBXFileReference; fileEncoding = 4; lastKnownFileType = sourcecode.c.objc; name = FMEventController.m; path = scrumptious/FMEventController.m; sourceTree = SOURCE_ROOT; };
		5BA315EE15EEADFA00FAB508 /* FMEventController.xib */ = {isa = PBXFileReference; fileEncoding = 4; lastKnownFileType = file.xib; name = FMEventController.xib; path = scrumptious/FMEventController.xib; sourceTree = SOURCE_ROOT; };
		5BA315F115EEB57400FAB508 /* FMFriend.h */ = {isa = PBXFileReference; fileEncoding = 4; lastKnownFileType = sourcecode.c.h; name = FMFriend.h; path = scrumptious/FMFriend.h; sourceTree = SOURCE_ROOT; };
		5BA315F215EEB57400FAB508 /* FMFriend.m */ = {isa = PBXFileReference; fileEncoding = 4; lastKnownFileType = sourcecode.c.objc; name = FMFriend.m; path = scrumptious/FMFriend.m; sourceTree = SOURCE_ROOT; };
		5BA315F515EEC20D00FAB508 /* ASIAuthenticationDialog.h */ = {isa = PBXFileReference; fileEncoding = 4; lastKnownFileType = sourcecode.c.h; path = ASIAuthenticationDialog.h; sourceTree = "<group>"; };
		5BA315F615EEC20D00FAB508 /* ASIAuthenticationDialog.m */ = {isa = PBXFileReference; fileEncoding = 4; lastKnownFileType = sourcecode.c.objc; path = ASIAuthenticationDialog.m; sourceTree = "<group>"; };
		5BA315F715EEC20D00FAB508 /* ASICacheDelegate.h */ = {isa = PBXFileReference; fileEncoding = 4; lastKnownFileType = sourcecode.c.h; path = ASICacheDelegate.h; sourceTree = "<group>"; };
		5BA315F815EEC20D00FAB508 /* ASIDataCompressor.h */ = {isa = PBXFileReference; fileEncoding = 4; lastKnownFileType = sourcecode.c.h; path = ASIDataCompressor.h; sourceTree = "<group>"; };
		5BA315F915EEC20D00FAB508 /* ASIDataCompressor.m */ = {isa = PBXFileReference; fileEncoding = 4; lastKnownFileType = sourcecode.c.objc; path = ASIDataCompressor.m; sourceTree = "<group>"; };
		5BA315FA15EEC20D00FAB508 /* ASIDataDecompressor.h */ = {isa = PBXFileReference; fileEncoding = 4; lastKnownFileType = sourcecode.c.h; path = ASIDataDecompressor.h; sourceTree = "<group>"; };
		5BA315FB15EEC20D00FAB508 /* ASIDataDecompressor.m */ = {isa = PBXFileReference; fileEncoding = 4; lastKnownFileType = sourcecode.c.objc; path = ASIDataDecompressor.m; sourceTree = "<group>"; };
		5BA315FC15EEC20D00FAB508 /* ASIDownloadCache.h */ = {isa = PBXFileReference; fileEncoding = 4; lastKnownFileType = sourcecode.c.h; path = ASIDownloadCache.h; sourceTree = "<group>"; };
		5BA315FD15EEC20D00FAB508 /* ASIDownloadCache.m */ = {isa = PBXFileReference; fileEncoding = 4; lastKnownFileType = sourcecode.c.objc; path = ASIDownloadCache.m; sourceTree = "<group>"; };
		5BA315FE15EEC20D00FAB508 /* ASIFormDataRequest.h */ = {isa = PBXFileReference; fileEncoding = 4; lastKnownFileType = sourcecode.c.h; path = ASIFormDataRequest.h; sourceTree = "<group>"; };
		5BA315FF15EEC20D00FAB508 /* ASIFormDataRequest.m */ = {isa = PBXFileReference; fileEncoding = 4; lastKnownFileType = sourcecode.c.objc; path = ASIFormDataRequest.m; sourceTree = "<group>"; };
		5BA3160015EEC20D00FAB508 /* ASIHTTPRequest.h */ = {isa = PBXFileReference; fileEncoding = 4; lastKnownFileType = sourcecode.c.h; path = ASIHTTPRequest.h; sourceTree = "<group>"; };
		5BA3160115EEC20D00FAB508 /* ASIHTTPRequest.m */ = {isa = PBXFileReference; fileEncoding = 4; lastKnownFileType = sourcecode.c.objc; path = ASIHTTPRequest.m; sourceTree = "<group>"; };
		5BA3160215EEC20D00FAB508 /* ASIHTTPRequestConfig.h */ = {isa = PBXFileReference; fileEncoding = 4; lastKnownFileType = sourcecode.c.h; path = ASIHTTPRequestConfig.h; sourceTree = "<group>"; };
		5BA3160315EEC20D00FAB508 /* ASIHTTPRequestDelegate.h */ = {isa = PBXFileReference; fileEncoding = 4; lastKnownFileType = sourcecode.c.h; path = ASIHTTPRequestDelegate.h; sourceTree = "<group>"; };
		5BA3160415EEC20D00FAB508 /* ASIInputStream.h */ = {isa = PBXFileReference; fileEncoding = 4; lastKnownFileType = sourcecode.c.h; path = ASIInputStream.h; sourceTree = "<group>"; };
		5BA3160515EEC20D00FAB508 /* ASIInputStream.m */ = {isa = PBXFileReference; fileEncoding = 4; lastKnownFileType = sourcecode.c.objc; path = ASIInputStream.m; sourceTree = "<group>"; };
		5BA3160615EEC20D00FAB508 /* ASINetworkQueue.h */ = {isa = PBXFileReference; fileEncoding = 4; lastKnownFileType = sourcecode.c.h; path = ASINetworkQueue.h; sourceTree = "<group>"; };
		5BA3160715EEC20D00FAB508 /* ASINetworkQueue.m */ = {isa = PBXFileReference; fileEncoding = 4; lastKnownFileType = sourcecode.c.objc; path = ASINetworkQueue.m; sourceTree = "<group>"; };
		5BA3160815EEC20D00FAB508 /* ASIProgressDelegate.h */ = {isa = PBXFileReference; fileEncoding = 4; lastKnownFileType = sourcecode.c.h; path = ASIProgressDelegate.h; sourceTree = "<group>"; };
		5BA3160A15EEC20D00FAB508 /* ASIWebPageRequest.h */ = {isa = PBXFileReference; fileEncoding = 4; lastKnownFileType = sourcecode.c.h; path = ASIWebPageRequest.h; sourceTree = "<group>"; };
		5BA3160B15EEC20D00FAB508 /* ASIWebPageRequest.m */ = {isa = PBXFileReference; fileEncoding = 4; lastKnownFileType = sourcecode.c.objc; path = ASIWebPageRequest.m; sourceTree = "<group>"; };
		5BA3160D15EEC20D00FAB508 /* ASICloudFilesCDNRequest.h */ = {isa = PBXFileReference; fileEncoding = 4; lastKnownFileType = sourcecode.c.h; path = ASICloudFilesCDNRequest.h; sourceTree = "<group>"; };
		5BA3160E15EEC20D00FAB508 /* ASICloudFilesCDNRequest.m */ = {isa = PBXFileReference; fileEncoding = 4; lastKnownFileType = sourcecode.c.objc; path = ASICloudFilesCDNRequest.m; sourceTree = "<group>"; };
		5BA3160F15EEC20D00FAB508 /* ASICloudFilesContainer.h */ = {isa = PBXFileReference; fileEncoding = 4; lastKnownFileType = sourcecode.c.h; path = ASICloudFilesContainer.h; sourceTree = "<group>"; };
		5BA3161015EEC20D00FAB508 /* ASICloudFilesContainer.m */ = {isa = PBXFileReference; fileEncoding = 4; lastKnownFileType = sourcecode.c.objc; path = ASICloudFilesContainer.m; sourceTree = "<group>"; };
		5BA3161115EEC20D00FAB508 /* ASICloudFilesContainerRequest.h */ = {isa = PBXFileReference; fileEncoding = 4; lastKnownFileType = sourcecode.c.h; path = ASICloudFilesContainerRequest.h; sourceTree = "<group>"; };
		5BA3161215EEC20D00FAB508 /* ASICloudFilesContainerRequest.m */ = {isa = PBXFileReference; fileEncoding = 4; lastKnownFileType = sourcecode.c.objc; path = ASICloudFilesContainerRequest.m; sourceTree = "<group>"; };
		5BA3161315EEC20D00FAB508 /* ASICloudFilesContainerXMLParserDelegate.h */ = {isa = PBXFileReference; fileEncoding = 4; lastKnownFileType = sourcecode.c.h; path = ASICloudFilesContainerXMLParserDelegate.h; sourceTree = "<group>"; };
		5BA3161415EEC20D00FAB508 /* ASICloudFilesContainerXMLParserDelegate.m */ = {isa = PBXFileReference; fileEncoding = 4; lastKnownFileType = sourcecode.c.objc; path = ASICloudFilesContainerXMLParserDelegate.m; sourceTree = "<group>"; };
		5BA3161515EEC20D00FAB508 /* ASICloudFilesObject.h */ = {isa = PBXFileReference; fileEncoding = 4; lastKnownFileType = sourcecode.c.h; path = ASICloudFilesObject.h; sourceTree = "<group>"; };
		5BA3161615EEC20D00FAB508 /* ASICloudFilesObject.m */ = {isa = PBXFileReference; fileEncoding = 4; lastKnownFileType = sourcecode.c.objc; path = ASICloudFilesObject.m; sourceTree = "<group>"; };
		5BA3161715EEC20D00FAB508 /* ASICloudFilesObjectRequest.h */ = {isa = PBXFileReference; fileEncoding = 4; lastKnownFileType = sourcecode.c.h; path = ASICloudFilesObjectRequest.h; sourceTree = "<group>"; };
		5BA3161815EEC20D00FAB508 /* ASICloudFilesObjectRequest.m */ = {isa = PBXFileReference; fileEncoding = 4; lastKnownFileType = sourcecode.c.objc; path = ASICloudFilesObjectRequest.m; sourceTree = "<group>"; };
		5BA3161915EEC20D00FAB508 /* ASICloudFilesRequest.h */ = {isa = PBXFileReference; fileEncoding = 4; lastKnownFileType = sourcecode.c.h; path = ASICloudFilesRequest.h; sourceTree = "<group>"; };
		5BA3161A15EEC20D00FAB508 /* ASICloudFilesRequest.m */ = {isa = PBXFileReference; fileEncoding = 4; lastKnownFileType = sourcecode.c.objc; path = ASICloudFilesRequest.m; sourceTree = "<group>"; };
		5BA3161C15EEC20D00FAB508 /* ASINSXMLParserCompat.h */ = {isa = PBXFileReference; fileEncoding = 4; lastKnownFileType = sourcecode.c.h; path = ASINSXMLParserCompat.h; sourceTree = "<group>"; };
		5BA3161D15EEC20D00FAB508 /* ASIS3Bucket.h */ = {isa = PBXFileReference; fileEncoding = 4; lastKnownFileType = sourcecode.c.h; path = ASIS3Bucket.h; sourceTree = "<group>"; };
		5BA3161E15EEC20D00FAB508 /* ASIS3Bucket.m */ = {isa = PBXFileReference; fileEncoding = 4; lastKnownFileType = sourcecode.c.objc; path = ASIS3Bucket.m; sourceTree = "<group>"; };
		5BA3161F15EEC20D00FAB508 /* ASIS3BucketObject.h */ = {isa = PBXFileReference; fileEncoding = 4; lastKnownFileType = sourcecode.c.h; path = ASIS3BucketObject.h; sourceTree = "<group>"; };
		5BA3162015EEC20D00FAB508 /* ASIS3BucketObject.m */ = {isa = PBXFileReference; fileEncoding = 4; lastKnownFileType = sourcecode.c.objc; path = ASIS3BucketObject.m; sourceTree = "<group>"; };
		5BA3162115EEC20D00FAB508 /* ASIS3BucketRequest.h */ = {isa = PBXFileReference; fileEncoding = 4; lastKnownFileType = sourcecode.c.h; path = ASIS3BucketRequest.h; sourceTree = "<group>"; };
		5BA3162215EEC20D00FAB508 /* ASIS3BucketRequest.m */ = {isa = PBXFileReference; fileEncoding = 4; lastKnownFileType = sourcecode.c.objc; path = ASIS3BucketRequest.m; sourceTree = "<group>"; };
		5BA3162315EEC20D00FAB508 /* ASIS3ObjectRequest.h */ = {isa = PBXFileReference; fileEncoding = 4; lastKnownFileType = sourcecode.c.h; path = ASIS3ObjectRequest.h; sourceTree = "<group>"; };
		5BA3162415EEC20D00FAB508 /* ASIS3ObjectRequest.m */ = {isa = PBXFileReference; fileEncoding = 4; lastKnownFileType = sourcecode.c.objc; path = ASIS3ObjectRequest.m; sourceTree = "<group>"; };
		5BA3162515EEC20D00FAB508 /* ASIS3Request.h */ = {isa = PBXFileReference; fileEncoding = 4; lastKnownFileType = sourcecode.c.h; path = ASIS3Request.h; sourceTree = "<group>"; };
		5BA3162615EEC20D00FAB508 /* ASIS3Request.m */ = {isa = PBXFileReference; fileEncoding = 4; lastKnownFileType = sourcecode.c.objc; path = ASIS3Request.m; sourceTree = "<group>"; };
		5BA3162715EEC20D00FAB508 /* ASIS3ServiceRequest.h */ = {isa = PBXFileReference; fileEncoding = 4; lastKnownFileType = sourcecode.c.h; path = ASIS3ServiceRequest.h; sourceTree = "<group>"; };
		5BA3162815EEC20D00FAB508 /* ASIS3ServiceRequest.m */ = {isa = PBXFileReference; fileEncoding = 4; lastKnownFileType = sourcecode.c.objc; path = ASIS3ServiceRequest.m; sourceTree = "<group>"; };
		5BA3162A15EEC20D00FAB508 /* ASICloudFilesRequestTests.h */ = {isa = PBXFileReference; fileEncoding = 4; lastKnownFileType = sourcecode.c.h; path = ASICloudFilesRequestTests.h; sourceTree = "<group>"; };
		5BA3162B15EEC20D00FAB508 /* ASICloudFilesRequestTests.m */ = {isa = PBXFileReference; fileEncoding = 4; lastKnownFileType = sourcecode.c.objc; path = ASICloudFilesRequestTests.m; sourceTree = "<group>"; };
		5BA3162C15EEC20D00FAB508 /* ASIDataCompressorTests.h */ = {isa = PBXFileReference; fileEncoding = 4; lastKnownFileType = sourcecode.c.h; path = ASIDataCompressorTests.h; sourceTree = "<group>"; };
		5BA3162D15EEC20D00FAB508 /* ASIDataCompressorTests.m */ = {isa = PBXFileReference; fileEncoding = 4; lastKnownFileType = sourcecode.c.objc; path = ASIDataCompressorTests.m; sourceTree = "<group>"; };
		5BA3162E15EEC20D00FAB508 /* ASIDownloadCacheTests.h */ = {isa = PBXFileReference; fileEncoding = 4; lastKnownFileType = sourcecode.c.h; path = ASIDownloadCacheTests.h; sourceTree = "<group>"; };
		5BA3162F15EEC20D00FAB508 /* ASIDownloadCacheTests.m */ = {isa = PBXFileReference; fileEncoding = 4; lastKnownFileType = sourcecode.c.objc; path = ASIDownloadCacheTests.m; sourceTree = "<group>"; };
		5BA3163015EEC20D00FAB508 /* ASIFormDataRequestTests.h */ = {isa = PBXFileReference; fileEncoding = 4; lastKnownFileType = sourcecode.c.h; path = ASIFormDataRequestTests.h; sourceTree = "<group>"; };
		5BA3163115EEC20D00FAB508 /* ASIFormDataRequestTests.m */ = {isa = PBXFileReference; fileEncoding = 4; lastKnownFileType = sourcecode.c.objc; path = ASIFormDataRequestTests.m; sourceTree = "<group>"; };
		5BA3163215EEC20D00FAB508 /* ASIHTTPRequestTests.h */ = {isa = PBXFileReference; fileEncoding = 4; lastKnownFileType = sourcecode.c.h; path = ASIHTTPRequestTests.h; sourceTree = "<group>"; };
		5BA3163315EEC20D00FAB508 /* ASIHTTPRequestTests.m */ = {isa = PBXFileReference; fileEncoding = 4; lastKnownFileType = sourcecode.c.objc; path = ASIHTTPRequestTests.m; sourceTree = "<group>"; };
		5BA3163415EEC20D00FAB508 /* ASINetworkQueueTests.h */ = {isa = PBXFileReference; fileEncoding = 4; lastKnownFileType = sourcecode.c.h; path = ASINetworkQueueTests.h; sourceTree = "<group>"; };
		5BA3163515EEC20D00FAB508 /* ASINetworkQueueTests.m */ = {isa = PBXFileReference; fileEncoding = 4; lastKnownFileType = sourcecode.c.objc; path = ASINetworkQueueTests.m; sourceTree = "<group>"; };
		5BA3163615EEC20D00FAB508 /* ASIS3RequestTests.h */ = {isa = PBXFileReference; fileEncoding = 4; lastKnownFileType = sourcecode.c.h; path = ASIS3RequestTests.h; sourceTree = "<group>"; };
		5BA3163715EEC20D00FAB508 /* ASIS3RequestTests.m */ = {isa = PBXFileReference; fileEncoding = 4; lastKnownFileType = sourcecode.c.objc; path = ASIS3RequestTests.m; sourceTree = "<group>"; };
		5BA3163815EEC20D00FAB508 /* ASITestCase.h */ = {isa = PBXFileReference; fileEncoding = 4; lastKnownFileType = sourcecode.c.h; path = ASITestCase.h; sourceTree = "<group>"; };
		5BA3163915EEC20D00FAB508 /* ASITestCase.m */ = {isa = PBXFileReference; fileEncoding = 4; lastKnownFileType = sourcecode.c.objc; path = ASITestCase.m; sourceTree = "<group>"; };
		5BA3163A15EEC20D00FAB508 /* ASIWebPageRequestTests.h */ = {isa = PBXFileReference; fileEncoding = 4; lastKnownFileType = sourcecode.c.h; path = ASIWebPageRequestTests.h; sourceTree = "<group>"; };
		5BA3163B15EEC20D00FAB508 /* ASIWebPageRequestTests.m */ = {isa = PBXFileReference; fileEncoding = 4; lastKnownFileType = sourcecode.c.objc; path = ASIWebPageRequestTests.m; sourceTree = "<group>"; };
		5BA3163C15EEC20D00FAB508 /* BlocksTests.h */ = {isa = PBXFileReference; fileEncoding = 4; lastKnownFileType = sourcecode.c.h; path = BlocksTests.h; sourceTree = "<group>"; };
		5BA3163D15EEC20D00FAB508 /* BlocksTests.m */ = {isa = PBXFileReference; fileEncoding = 4; lastKnownFileType = sourcecode.c.objc; path = BlocksTests.m; sourceTree = "<group>"; };
		5BA3163E15EEC20D00FAB508 /* ClientCertificateTests.h */ = {isa = PBXFileReference; fileEncoding = 4; lastKnownFileType = sourcecode.c.h; path = ClientCertificateTests.h; sourceTree = "<group>"; };
		5BA3163F15EEC20D00FAB508 /* ClientCertificateTests.m */ = {isa = PBXFileReference; fileEncoding = 4; lastKnownFileType = sourcecode.c.objc; path = ClientCertificateTests.m; sourceTree = "<group>"; };
		5BA3164015EEC20D00FAB508 /* GHUnitTestMain.m */ = {isa = PBXFileReference; fileEncoding = 4; lastKnownFileType = sourcecode.c.objc; path = GHUnitTestMain.m; sourceTree = "<group>"; };
		5BA3164115EEC20D00FAB508 /* PerformanceTests.h */ = {isa = PBXFileReference; fileEncoding = 4; lastKnownFileType = sourcecode.c.h; path = PerformanceTests.h; sourceTree = "<group>"; };
		5BA3164215EEC20D00FAB508 /* PerformanceTests.m */ = {isa = PBXFileReference; fileEncoding = 4; lastKnownFileType = sourcecode.c.objc; path = PerformanceTests.m; sourceTree = "<group>"; };
		5BA3164315EEC20D00FAB508 /* ProxyTests.h */ = {isa = PBXFileReference; fileEncoding = 4; lastKnownFileType = sourcecode.c.h; path = ProxyTests.h; sourceTree = "<group>"; };
		5BA3164415EEC20D00FAB508 /* ProxyTests.m */ = {isa = PBXFileReference; fileEncoding = 4; lastKnownFileType = sourcecode.c.objc; path = ProxyTests.m; sourceTree = "<group>"; };
		5BA3164515EEC20D00FAB508 /* StressTests.h */ = {isa = PBXFileReference; fileEncoding = 4; lastKnownFileType = sourcecode.c.h; path = StressTests.h; sourceTree = "<group>"; };
		5BA3164615EEC20D00FAB508 /* StressTests.m */ = {isa = PBXFileReference; fileEncoding = 4; lastKnownFileType = sourcecode.c.objc; path = StressTests.m; sourceTree = "<group>"; };
		846809BD158F85A100F2DBB9 /* action-eating.png */ = {isa = PBXFileReference; lastKnownFileType = image.png; name = "action-eating.png"; path = "scrumptious/images/action-eating.png"; sourceTree = SOURCE_ROOT; };
		846809BE158F85A100F2DBB9 /* action-location.png */ = {isa = PBXFileReference; lastKnownFileType = image.png; name = "action-location.png"; path = "scrumptious/images/action-location.png"; sourceTree = SOURCE_ROOT; };
		846809BF158F85A100F2DBB9 /* action-people.png */ = {isa = PBXFileReference; lastKnownFileType = image.png; name = "action-people.png"; path = "scrumptious/images/action-people.png"; sourceTree = SOURCE_ROOT; };
		846809C0158F85A100F2DBB9 /* action-photo.png */ = {isa = PBXFileReference; lastKnownFileType = image.png; name = "action-photo.png"; path = "scrumptious/images/action-photo.png"; sourceTree = SOURCE_ROOT; };
		84A5DA9515A68A3D00FE54AF /* Accounts.framework */ = {isa = PBXFileReference; lastKnownFileType = wrapper.framework; name = Accounts.framework; path = System/Library/Frameworks/Accounts.framework; sourceTree = SDKROOT; };
		856DC2171577F105001FA6A6 /* Icon-72.png */ = {isa = PBXFileReference; lastKnownFileType = image.png; name = "Icon-72.png"; path = "../Icon-72.png"; sourceTree = "<group>"; };
		856DC2181577F105001FA6A6 /* Icon.png */ = {isa = PBXFileReference; lastKnownFileType = image.png; name = Icon.png; path = ../Icon.png; sourceTree = "<group>"; };
		856DC2191577F105001FA6A6 /* Icon@2x.png */ = {isa = PBXFileReference; lastKnownFileType = image.png; name = "Icon@2x.png"; path = "../Icon@2x.png"; sourceTree = "<group>"; };
		8592BE3C15816CCC00056680 /* AddressBook.framework */ = {isa = PBXFileReference; lastKnownFileType = wrapper.framework; name = AddressBook.framework; path = System/Library/Frameworks/AddressBook.framework; sourceTree = SDKROOT; };
		85954AE1155889A200FABA9A /* FMProtocols.h */ = {isa = PBXFileReference; lastKnownFileType = sourcecode.c.h; path = FMProtocols.h; sourceTree = "<group>"; };
		B9C1C35815129F0E008FA5D1 /* CoreLocation.framework */ = {isa = PBXFileReference; lastKnownFileType = wrapper.framework; name = CoreLocation.framework; path = System/Library/Frameworks/CoreLocation.framework; sourceTree = SDKROOT; };
		B9CD0A6F150EA4DD00560A93 /* Find Me!.app */ = {isa = PBXFileReference; explicitFileType = wrapper.application; includeInIndex = 0; path = "Find Me!.app"; sourceTree = BUILT_PRODUCTS_DIR; };
		B9CD0A73150EA4DD00560A93 /* UIKit.framework */ = {isa = PBXFileReference; lastKnownFileType = wrapper.framework; name = UIKit.framework; path = System/Library/Frameworks/UIKit.framework; sourceTree = SDKROOT; };
		B9CD0A75150EA4DD00560A93 /* Foundation.framework */ = {isa = PBXFileReference; lastKnownFileType = wrapper.framework; name = Foundation.framework; path = System/Library/Frameworks/Foundation.framework; sourceTree = SDKROOT; };
		B9CD0A77150EA4DD00560A93 /* CoreGraphics.framework */ = {isa = PBXFileReference; lastKnownFileType = wrapper.framework; name = CoreGraphics.framework; path = System/Library/Frameworks/CoreGraphics.framework; sourceTree = SDKROOT; };
		B9CD0A7B150EA4DD00560A93 /* Find Me!-Info.plist */ = {isa = PBXFileReference; lastKnownFileType = text.plist.xml; path = "Find Me!-Info.plist"; sourceTree = "<group>"; };
		B9CD0A7D150EA4DD00560A93 /* en */ = {isa = PBXFileReference; lastKnownFileType = text.plist.strings; name = en; path = en.lproj/InfoPlist.strings; sourceTree = "<group>"; };
		B9CD0A7F150EA4DD00560A93 /* main.m */ = {isa = PBXFileReference; lastKnownFileType = sourcecode.c.objc; path = main.m; sourceTree = "<group>"; };
		B9CD0A81150EA4DD00560A93 /* Find Me!-Prefix.pch */ = {isa = PBXFileReference; lastKnownFileType = sourcecode.c.h; path = "Find Me!-Prefix.pch"; sourceTree = "<group>"; };
		B9CD0A82150EA4DD00560A93 /* FMAppDelegate.h */ = {isa = PBXFileReference; lastKnownFileType = sourcecode.c.h; path = FMAppDelegate.h; sourceTree = "<group>"; };
		B9CD0A85150EA4DD00560A93 /* FMViewController.h */ = {isa = PBXFileReference; lastKnownFileType = sourcecode.c.h; path = FMViewController.h; sourceTree = "<group>"; };
		B9CD0A86150EA4DD00560A93 /* FMViewController.m */ = {isa = PBXFileReference; lastKnownFileType = sourcecode.c.objc; path = FMViewController.m; sourceTree = "<group>"; };
		B9CD0A8C150EA4DE00560A93 /* en */ = {isa = PBXFileReference; lastKnownFileType = file.xib; name = en; path = en.lproj/FMViewController.xib; sourceTree = "<group>"; };
		B9CD0A93150EBF5400560A93 /* FMLoginViewController.h */ = {isa = PBXFileReference; fileEncoding = 4; lastKnownFileType = sourcecode.c.h; path = FMLoginViewController.h; sourceTree = "<group>"; };
		B9CD0A94150EBF5400560A93 /* FMLoginViewController.m */ = {isa = PBXFileReference; fileEncoding = 4; lastKnownFileType = sourcecode.c.objc; path = FMLoginViewController.m; sourceTree = "<group>"; };
		B9CD0A95150EBF5400560A93 /* FMLoginViewController.xib */ = {isa = PBXFileReference; fileEncoding = 4; lastKnownFileType = file.xib; path = FMLoginViewController.xib; sourceTree = "<group>"; };
		B9CD0A99150EBFFB00560A93 /* facebook.png */ = {isa = PBXFileReference; lastKnownFileType = image.png; name = facebook.png; path = images/facebook.png; sourceTree = "<group>"; };
		DDBF24B41590050600BAAB8F /* FMPhotoViewController.h */ = {isa = PBXFileReference; fileEncoding = 4; lastKnownFileType = sourcecode.c.h; name = FMPhotoViewController.h; path = scrumptious/FMPhotoViewController.h; sourceTree = SOURCE_ROOT; };
		DDBF24B51590050600BAAB8F /* FMPhotoViewController.m */ = {isa = PBXFileReference; fileEncoding = 4; lastKnownFileType = sourcecode.c.objc; name = FMPhotoViewController.m; path = scrumptious/FMPhotoViewController.m; sourceTree = SOURCE_ROOT; };
		DDBF24B61590050600BAAB8F /* FMPhotoViewController.xib */ = {isa = PBXFileReference; fileEncoding = 4; lastKnownFileType = file.xib; name = FMPhotoViewController.xib; path = scrumptious/FMPhotoViewController.xib; sourceTree = SOURCE_ROOT; };
/* End PBXFileReference section */

/* Begin PBXFrameworksBuildPhase section */
		B9CD0A6C150EA4DD00560A93 /* Frameworks */ = {
			isa = PBXFrameworksBuildPhase;
			buildActionMask = 2147483647;
			files = (
				84A5DA9615A68A3D00FE54AF /* Accounts.framework in Frameworks */,
				B9C1C35915129F0E008FA5D1 /* CoreLocation.framework in Frameworks */,
				B9CD0A74150EA4DD00560A93 /* UIKit.framework in Frameworks */,
				B9CD0A76150EA4DD00560A93 /* Foundation.framework in Frameworks */,
				B9CD0A78150EA4DD00560A93 /* CoreGraphics.framework in Frameworks */,
				8592BE3D15816CCC00056680 /* AddressBook.framework in Frameworks */,
				5BA315E315EE8EFA00FAB508 /* FacebookSDK.framework in Frameworks */,
			);
			runOnlyForDeploymentPostprocessing = 0;
		};
/* End PBXFrameworksBuildPhase section */

/* Begin PBXGroup section */
		5B676D1615EE8D580057C192 /* Classes */ = {
			isa = PBXGroup;
			children = (
				85954AE1155889A200FABA9A /* FMProtocols.h */,
				B9CD0A82150EA4DD00560A93 /* FMAppDelegate.h */,
				5B734BE715EE865900C2936F /* FMAppDelegate.m */,
				B9CD0A93150EBF5400560A93 /* FMLoginViewController.h */,
				B9CD0A94150EBF5400560A93 /* FMLoginViewController.m */,
				B9CD0A85150EA4DD00560A93 /* FMViewController.h */,
				B9CD0A86150EA4DD00560A93 /* FMViewController.m */,
				DDBF24B41590050600BAAB8F /* FMPhotoViewController.h */,
				DDBF24B51590050600BAAB8F /* FMPhotoViewController.m */,
				5BA315E815EEA45600FAB508 /* FMEvent.h */,
				5BA315E915EEA45600FAB508 /* FMEvent.m */,
				5BA315EC15EEADFA00FAB508 /* FMEventController.h */,
				5BA315ED15EEADFA00FAB508 /* FMEventController.m */,
				5BA315EE15EEADFA00FAB508 /* FMEventController.xib */,
				5BA315F115EEB57400FAB508 /* FMFriend.h */,
				5BA315F215EEB57400FAB508 /* FMFriend.m */,
			);
			name = Classes;
			sourceTree = "<group>";
		};
		5B676D1715EE8D610057C192 /* Interface */ = {
			isa = PBXGroup;
			children = (
				B9CD0A95150EBF5400560A93 /* FMLoginViewController.xib */,
				B9CD0A8B150EA4DE00560A93 /* FMViewController.xib */,
				DDBF24B61590050600BAAB8F /* FMPhotoViewController.xib */,
			);
			name = Interface;
			sourceTree = "<group>";
		};
		5BA315F415EEC20D00FAB508 /* ASIHTTPRequest */ = {
			isa = PBXGroup;
			children = (
				5BA315F515EEC20D00FAB508 /* ASIAuthenticationDialog.h */,
				5BA315F615EEC20D00FAB508 /* ASIAuthenticationDialog.m */,
				5BA315F715EEC20D00FAB508 /* ASICacheDelegate.h */,
				5BA315F815EEC20D00FAB508 /* ASIDataCompressor.h */,
				5BA315F915EEC20D00FAB508 /* ASIDataCompressor.m */,
				5BA315FA15EEC20D00FAB508 /* ASIDataDecompressor.h */,
				5BA315FB15EEC20D00FAB508 /* ASIDataDecompressor.m */,
				5BA315FC15EEC20D00FAB508 /* ASIDownloadCache.h */,
				5BA315FD15EEC20D00FAB508 /* ASIDownloadCache.m */,
				5BA315FE15EEC20D00FAB508 /* ASIFormDataRequest.h */,
				5BA315FF15EEC20D00FAB508 /* ASIFormDataRequest.m */,
				5BA3160015EEC20D00FAB508 /* ASIHTTPRequest.h */,
				5BA3160115EEC20D00FAB508 /* ASIHTTPRequest.m */,
				5BA3160215EEC20D00FAB508 /* ASIHTTPRequestConfig.h */,
				5BA3160315EEC20D00FAB508 /* ASIHTTPRequestDelegate.h */,
				5BA3160415EEC20D00FAB508 /* ASIInputStream.h */,
				5BA3160515EEC20D00FAB508 /* ASIInputStream.m */,
				5BA3160615EEC20D00FAB508 /* ASINetworkQueue.h */,
				5BA3160715EEC20D00FAB508 /* ASINetworkQueue.m */,
				5BA3160815EEC20D00FAB508 /* ASIProgressDelegate.h */,
				5BA3160915EEC20D00FAB508 /* ASIWebPageRequest */,
				5BA3160C15EEC20D00FAB508 /* CloudFiles */,
				5BA3161B15EEC20D00FAB508 /* S3 */,
				5BA3162915EEC20D00FAB508 /* Tests */,
			);
			path = ASIHTTPRequest;
			sourceTree = "<group>";
		};
		5BA3160915EEC20D00FAB508 /* ASIWebPageRequest */ = {
			isa = PBXGroup;
			children = (
				5BA3160A15EEC20D00FAB508 /* ASIWebPageRequest.h */,
				5BA3160B15EEC20D00FAB508 /* ASIWebPageRequest.m */,
			);
			path = ASIWebPageRequest;
			sourceTree = "<group>";
		};
		5BA3160C15EEC20D00FAB508 /* CloudFiles */ = {
			isa = PBXGroup;
			children = (
				5BA3160D15EEC20D00FAB508 /* ASICloudFilesCDNRequest.h */,
				5BA3160E15EEC20D00FAB508 /* ASICloudFilesCDNRequest.m */,
				5BA3160F15EEC20D00FAB508 /* ASICloudFilesContainer.h */,
				5BA3161015EEC20D00FAB508 /* ASICloudFilesContainer.m */,
				5BA3161115EEC20D00FAB508 /* ASICloudFilesContainerRequest.h */,
				5BA3161215EEC20D00FAB508 /* ASICloudFilesContainerRequest.m */,
				5BA3161315EEC20D00FAB508 /* ASICloudFilesContainerXMLParserDelegate.h */,
				5BA3161415EEC20D00FAB508 /* ASICloudFilesContainerXMLParserDelegate.m */,
				5BA3161515EEC20D00FAB508 /* ASICloudFilesObject.h */,
				5BA3161615EEC20D00FAB508 /* ASICloudFilesObject.m */,
				5BA3161715EEC20D00FAB508 /* ASICloudFilesObjectRequest.h */,
				5BA3161815EEC20D00FAB508 /* ASICloudFilesObjectRequest.m */,
				5BA3161915EEC20D00FAB508 /* ASICloudFilesRequest.h */,
				5BA3161A15EEC20D00FAB508 /* ASICloudFilesRequest.m */,
			);
			path = CloudFiles;
			sourceTree = "<group>";
		};
		5BA3161B15EEC20D00FAB508 /* S3 */ = {
			isa = PBXGroup;
			children = (
				5BA3161C15EEC20D00FAB508 /* ASINSXMLParserCompat.h */,
				5BA3161D15EEC20D00FAB508 /* ASIS3Bucket.h */,
				5BA3161E15EEC20D00FAB508 /* ASIS3Bucket.m */,
				5BA3161F15EEC20D00FAB508 /* ASIS3BucketObject.h */,
				5BA3162015EEC20D00FAB508 /* ASIS3BucketObject.m */,
				5BA3162115EEC20D00FAB508 /* ASIS3BucketRequest.h */,
				5BA3162215EEC20D00FAB508 /* ASIS3BucketRequest.m */,
				5BA3162315EEC20D00FAB508 /* ASIS3ObjectRequest.h */,
				5BA3162415EEC20D00FAB508 /* ASIS3ObjectRequest.m */,
				5BA3162515EEC20D00FAB508 /* ASIS3Request.h */,
				5BA3162615EEC20D00FAB508 /* ASIS3Request.m */,
				5BA3162715EEC20D00FAB508 /* ASIS3ServiceRequest.h */,
				5BA3162815EEC20D00FAB508 /* ASIS3ServiceRequest.m */,
			);
			path = S3;
			sourceTree = "<group>";
		};
		5BA3162915EEC20D00FAB508 /* Tests */ = {
			isa = PBXGroup;
			children = (
				5BA3162A15EEC20D00FAB508 /* ASICloudFilesRequestTests.h */,
				5BA3162B15EEC20D00FAB508 /* ASICloudFilesRequestTests.m */,
				5BA3162C15EEC20D00FAB508 /* ASIDataCompressorTests.h */,
				5BA3162D15EEC20D00FAB508 /* ASIDataCompressorTests.m */,
				5BA3162E15EEC20D00FAB508 /* ASIDownloadCacheTests.h */,
				5BA3162F15EEC20D00FAB508 /* ASIDownloadCacheTests.m */,
				5BA3163015EEC20D00FAB508 /* ASIFormDataRequestTests.h */,
				5BA3163115EEC20D00FAB508 /* ASIFormDataRequestTests.m */,
				5BA3163215EEC20D00FAB508 /* ASIHTTPRequestTests.h */,
				5BA3163315EEC20D00FAB508 /* ASIHTTPRequestTests.m */,
				5BA3163415EEC20D00FAB508 /* ASINetworkQueueTests.h */,
				5BA3163515EEC20D00FAB508 /* ASINetworkQueueTests.m */,
				5BA3163615EEC20D00FAB508 /* ASIS3RequestTests.h */,
				5BA3163715EEC20D00FAB508 /* ASIS3RequestTests.m */,
				5BA3163815EEC20D00FAB508 /* ASITestCase.h */,
				5BA3163915EEC20D00FAB508 /* ASITestCase.m */,
				5BA3163A15EEC20D00FAB508 /* ASIWebPageRequestTests.h */,
				5BA3163B15EEC20D00FAB508 /* ASIWebPageRequestTests.m */,
				5BA3163C15EEC20D00FAB508 /* BlocksTests.h */,
				5BA3163D15EEC20D00FAB508 /* BlocksTests.m */,
				5BA3163E15EEC20D00FAB508 /* ClientCertificateTests.h */,
				5BA3163F15EEC20D00FAB508 /* ClientCertificateTests.m */,
				5BA3164015EEC20D00FAB508 /* GHUnitTestMain.m */,
				5BA3164115EEC20D00FAB508 /* PerformanceTests.h */,
				5BA3164215EEC20D00FAB508 /* PerformanceTests.m */,
				5BA3164315EEC20D00FAB508 /* ProxyTests.h */,
				5BA3164415EEC20D00FAB508 /* ProxyTests.m */,
				5BA3164515EEC20D00FAB508 /* StressTests.h */,
				5BA3164615EEC20D00FAB508 /* StressTests.m */,
			);
			path = Tests;
			sourceTree = "<group>";
		};
		B9CD0A64150EA4DD00560A93 = {
			isa = PBXGroup;
			children = (
				B9CD0A79150EA4DD00560A93 /* Find Me! */,
				B9CD0A72150EA4DD00560A93 /* Frameworks */,
				B9CD0A70150EA4DD00560A93 /* Products */,
			);
			sourceTree = "<group>";
		};
		B9CD0A70150EA4DD00560A93 /* Products */ = {
			isa = PBXGroup;
			children = (
				B9CD0A6F150EA4DD00560A93 /* Find Me!.app */,
			);
			name = Products;
			sourceTree = "<group>";
		};
		B9CD0A72150EA4DD00560A93 /* Frameworks */ = {
			isa = PBXGroup;
			children = (
				5BA315DE15EE8EE800FAB508 /* FacebookSDKResources.bundle */,
				5BA315E015EE8EEE00FAB508 /* FBUserSettingsViewResources.bundle */,
				5BA315E215EE8EFA00FAB508 /* FacebookSDK.framework */,
				84A5DA9515A68A3D00FE54AF /* Accounts.framework */,
				8592BE3C15816CCC00056680 /* AddressBook.framework */,
				B9C1C35815129F0E008FA5D1 /* CoreLocation.framework */,
				B9CD0A73150EA4DD00560A93 /* UIKit.framework */,
				B9CD0A75150EA4DD00560A93 /* Foundation.framework */,
				B9CD0A77150EA4DD00560A93 /* CoreGraphics.framework */,
			);
			name = Frameworks;
			sourceTree = "<group>";
		};
		B9CD0A79150EA4DD00560A93 /* Find Me! */ = {
			isa = PBXGroup;
			children = (
				B9CD0A98150EBFBD00560A93 /* images */,
				B9CD0A7A150EA4DD00560A93 /* Supporting Files */,
				5BA315F415EEC20D00FAB508 /* ASIHTTPRequest */,
				5B676D1615EE8D580057C192 /* Classes */,
				5B676D1715EE8D610057C192 /* Interface */,
			);
			name = "Find Me!";
			path = Scrumptious;
			sourceTree = "<group>";
		};
		B9CD0A7A150EA4DD00560A93 /* Supporting Files */ = {
			isa = PBXGroup;
			children = (
				B9CD0A7B150EA4DD00560A93 /* Find Me!-Info.plist */,
				B9CD0A7C150EA4DD00560A93 /* InfoPlist.strings */,
				B9CD0A7F150EA4DD00560A93 /* main.m */,
				B9CD0A81150EA4DD00560A93 /* Find Me!-Prefix.pch */,
			);
			name = "Supporting Files";
			sourceTree = "<group>";
		};
		B9CD0A98150EBFBD00560A93 /* images */ = {
			isa = PBXGroup;
			children = (
				846809BD158F85A100F2DBB9 /* action-eating.png */,
				846809BE158F85A100F2DBB9 /* action-location.png */,
				846809BF158F85A100F2DBB9 /* action-people.png */,
				846809C0158F85A100F2DBB9 /* action-photo.png */,
				856DC2171577F105001FA6A6 /* Icon-72.png */,
				856DC2181577F105001FA6A6 /* Icon.png */,
				856DC2191577F105001FA6A6 /* Icon@2x.png */,
				B9CD0A99150EBFFB00560A93 /* facebook.png */,
			);
			name = images;
			sourceTree = "<group>";
		};
/* End PBXGroup section */

/* Begin PBXNativeTarget section */
		B9CD0A6E150EA4DD00560A93 /* Find Me! */ = {
			isa = PBXNativeTarget;
			buildConfigurationList = B9CD0A90150EA4DE00560A93 /* Build configuration list for PBXNativeTarget "Find Me!" */;
			buildPhases = (
				B9CD0A6B150EA4DD00560A93 /* Sources */,
				B9CD0A6C150EA4DD00560A93 /* Frameworks */,
				B9CD0A6D150EA4DD00560A93 /* Resources */,
			);
			buildRules = (
			);
			dependencies = (
			);
			name = "Find Me!";
			productName = Scrumptious;
			productReference = B9CD0A6F150EA4DD00560A93 /* Find Me!.app */;
			productType = "com.apple.product-type.application";
		};
/* End PBXNativeTarget section */

/* Begin PBXProject section */
		B9CD0A66150EA4DD00560A93 /* Project object */ = {
			isa = PBXProject;
			attributes = {
				CLASSPREFIX = FM;
				LastUpgradeCheck = 0430;
			};
			buildConfigurationList = B9CD0A69150EA4DD00560A93 /* Build configuration list for PBXProject "Find Me!" */;
			compatibilityVersion = "Xcode 3.2";
			developmentRegion = English;
			hasScannedForEncodings = 0;
			knownRegions = (
				en,
				he,
			);
			mainGroup = B9CD0A64150EA4DD00560A93;
			productRefGroup = B9CD0A70150EA4DD00560A93 /* Products */;
			projectDirPath = "";
			projectRoot = "";
			targets = (
				B9CD0A6E150EA4DD00560A93 /* Find Me! */,
			);
		};
/* End PBXProject section */

/* Begin PBXResourcesBuildPhase section */
		B9CD0A6D150EA4DD00560A93 /* Resources */ = {
			isa = PBXResourcesBuildPhase;
			buildActionMask = 2147483647;
			files = (
				B9CD0A7E150EA4DD00560A93 /* InfoPlist.strings in Resources */,
				B9CD0A8D150EA4DE00560A93 /* FMViewController.xib in Resources */,
				B9CD0A97150EBF5400560A93 /* FMLoginViewController.xib in Resources */,
				B9CD0A9A150EBFFB00560A93 /* facebook.png in Resources */,
				856DC21A1577F105001FA6A6 /* Icon-72.png in Resources */,
				856DC21B1577F105001FA6A6 /* Icon.png in Resources */,
				856DC21C1577F105001FA6A6 /* Icon@2x.png in Resources */,
				846809C1158F85A100F2DBB9 /* action-eating.png in Resources */,
				846809C2158F85A100F2DBB9 /* action-location.png in Resources */,
				846809C3158F85A100F2DBB9 /* action-people.png in Resources */,
				846809C4158F85A100F2DBB9 /* action-photo.png in Resources */,
				DDBF24B81590050600BAAB8F /* FMPhotoViewController.xib in Resources */,
				5BA315DF15EE8EE800FAB508 /* FacebookSDKResources.bundle in Resources */,
				5BA315E115EE8EEE00FAB508 /* FBUserSettingsViewResources.bundle in Resources */,
				5BA315F015EEADFA00FAB508 /* FMEventController.xib in Resources */,
			);
			runOnlyForDeploymentPostprocessing = 0;
		};
/* End PBXResourcesBuildPhase section */

/* Begin PBXSourcesBuildPhase section */
		B9CD0A6B150EA4DD00560A93 /* Sources */ = {
			isa = PBXSourcesBuildPhase;
			buildActionMask = 2147483647;
			files = (
				B9CD0A80150EA4DD00560A93 /* main.m in Sources */,
				B9CD0A87150EA4DD00560A93 /* FMViewController.m in Sources */,
				B9CD0A96150EBF5400560A93 /* FMLoginViewController.m in Sources */,
				DDBF24B71590050600BAAB8F /* FMPhotoViewController.m in Sources */,
				5B734BE815EE865900C2936F /* FMAppDelegate.m in Sources */,
				5BA315EA15EEA45600FAB508 /* FMEvent.m in Sources */,
				5BA315EF15EEADFA00FAB508 /* FMEventController.m in Sources */,
				5BA315F315EEB57400FAB508 /* FMFriend.m in Sources */,
				5BA3164715EEC20D00FAB508 /* ASIAuthenticationDialog.m in Sources */,
				5BA3164815EEC20D00FAB508 /* ASIDataCompressor.m in Sources */,
				5BA3164915EEC20D00FAB508 /* ASIDataDecompressor.m in Sources */,
				5BA3164A15EEC20D00FAB508 /* ASIDownloadCache.m in Sources */,
				5BA3164B15EEC20D00FAB508 /* ASIFormDataRequest.m in Sources */,
				5BA3164C15EEC20D00FAB508 /* ASIHTTPRequest.m in Sources */,
				5BA3164D15EEC20D00FAB508 /* ASIInputStream.m in Sources */,
				5BA3164E15EEC20D00FAB508 /* ASINetworkQueue.m in Sources */,
				5BA3164F15EEC20D00FAB508 /* ASIWebPageRequest.m in Sources */,
				5BA3165015EEC20D00FAB508 /* ASICloudFilesCDNRequest.m in Sources */,
				5BA3165115EEC20D00FAB508 /* ASICloudFilesContainer.m in Sources */,
				5BA3165215EEC20D00FAB508 /* ASICloudFilesContainerRequest.m in Sources */,
				5BA3165315EEC20D00FAB508 /* ASICloudFilesContainerXMLParserDelegate.m in Sources */,
				5BA3165415EEC20D00FAB508 /* ASICloudFilesObject.m in Sources */,
				5BA3165515EEC20D00FAB508 /* ASICloudFilesObjectRequest.m in Sources */,
				5BA3165615EEC20D00FAB508 /* ASICloudFilesRequest.m in Sources */,
				5BA3165715EEC20D00FAB508 /* ASIS3Bucket.m in Sources */,
				5BA3165815EEC20D00FAB508 /* ASIS3BucketObject.m in Sources */,
				5BA3165915EEC20D00FAB508 /* ASIS3BucketRequest.m in Sources */,
				5BA3165A15EEC20D00FAB508 /* ASIS3ObjectRequest.m in Sources */,
				5BA3165B15EEC20D00FAB508 /* ASIS3Request.m in Sources */,
				5BA3165C15EEC20D00FAB508 /* ASIS3ServiceRequest.m in Sources */,
				5BA3165D15EEC20D00FAB508 /* ASICloudFilesRequestTests.m in Sources */,
				5BA3165E15EEC20D00FAB508 /* ASIDataCompressorTests.m in Sources */,
				5BA3165F15EEC20D00FAB508 /* ASIDownloadCacheTests.m in Sources */,
				5BA3166015EEC20D00FAB508 /* ASIFormDataRequestTests.m in Sources */,
				5BA3166115EEC20D00FAB508 /* ASIHTTPRequestTests.m in Sources */,
				5BA3166215EEC20D00FAB508 /* ASINetworkQueueTests.m in Sources */,
				5BA3166315EEC20D00FAB508 /* ASIS3RequestTests.m in Sources */,
				5BA3166415EEC20D00FAB508 /* ASITestCase.m in Sources */,
				5BA3166515EEC20D00FAB508 /* ASIWebPageRequestTests.m in Sources */,
				5BA3166615EEC20D00FAB508 /* BlocksTests.m in Sources */,
				5BA3166715EEC20D00FAB508 /* ClientCertificateTests.m in Sources */,
				5BA3166815EEC20D00FAB508 /* GHUnitTestMain.m in Sources */,
				5BA3166915EEC20D00FAB508 /* PerformanceTests.m in Sources */,
				5BA3166A15EEC20D00FAB508 /* ProxyTests.m in Sources */,
				5BA3166B15EEC20D00FAB508 /* StressTests.m in Sources */,
			);
			runOnlyForDeploymentPostprocessing = 0;
		};
/* End PBXSourcesBuildPhase section */

/* Begin PBXVariantGroup section */
		B9CD0A7C150EA4DD00560A93 /* InfoPlist.strings */ = {
			isa = PBXVariantGroup;
			children = (
				B9CD0A7D150EA4DD00560A93 /* en */,
			);
			name = InfoPlist.strings;
			sourceTree = "<group>";
		};
		B9CD0A8B150EA4DE00560A93 /* FMViewController.xib */ = {
			isa = PBXVariantGroup;
			children = (
				B9CD0A8C150EA4DE00560A93 /* en */,
			);
			name = FMViewController.xib;
			sourceTree = "<group>";
		};
/* End PBXVariantGroup section */

/* Begin XCBuildConfiguration section */
		B9CD0A8E150EA4DE00560A93 /* Debug */ = {
			isa = XCBuildConfiguration;
			buildSettings = {
				ALWAYS_SEARCH_USER_PATHS = NO;
				ARCHS = "$(ARCHS_STANDARD_32_BIT)";
				CLANG_ENABLE_OBJC_ARC = YES;
				"CODE_SIGN_IDENTITY[sdk=iphoneos*]" = "iPhone Developer";
				COPY_PHASE_STRIP = NO;
				GCC_C_LANGUAGE_STANDARD = gnu99;
				GCC_DYNAMIC_NO_PIC = NO;
				GCC_OPTIMIZATION_LEVEL = 0;
				GCC_PREPROCESSOR_DEFINITIONS = (
					"DEBUG=1",
					"$(inherited)",
				);
				GCC_SYMBOLS_PRIVATE_EXTERN = NO;
				GCC_VERSION = com.apple.compilers.llvm.clang.1_0;
				GCC_WARN_ABOUT_RETURN_TYPE = YES;
				GCC_WARN_UNINITIALIZED_AUTOS = YES;
				GCC_WARN_UNUSED_VARIABLE = YES;
				IPHONEOS_DEPLOYMENT_TARGET = 5.0;
				SDKROOT = iphoneos;
			};
			name = Debug;
		};
		B9CD0A8F150EA4DE00560A93 /* Release */ = {
			isa = XCBuildConfiguration;
			buildSettings = {
				ALWAYS_SEARCH_USER_PATHS = NO;
				ARCHS = "$(ARCHS_STANDARD_32_BIT)";
				CLANG_ENABLE_OBJC_ARC = YES;
				"CODE_SIGN_IDENTITY[sdk=iphoneos*]" = "iPhone Developer";
				COPY_PHASE_STRIP = YES;
				GCC_C_LANGUAGE_STANDARD = gnu99;
				GCC_VERSION = com.apple.compilers.llvm.clang.1_0;
				GCC_WARN_ABOUT_RETURN_TYPE = YES;
				GCC_WARN_UNINITIALIZED_AUTOS = YES;
				GCC_WARN_UNUSED_VARIABLE = YES;
				IPHONEOS_DEPLOYMENT_TARGET = 5.0;
				OTHER_CFLAGS = "-DNS_BLOCK_ASSERTIONS=1";
				SDKROOT = iphoneos;
				VALIDATE_PRODUCT = YES;
			};
			name = Release;
		};
		B9CD0A91150EA4DE00560A93 /* Debug */ = {
			isa = XCBuildConfiguration;
			buildSettings = {
				ALWAYS_SEARCH_USER_PATHS = NO;
				CODE_SIGN_IDENTITY = "iPhone Developer";
				FRAMEWORK_SEARCH_PATHS = (
					"$(inherited)",
					"\"$(SRCROOT)/../../../../Documents/FacebookSDK\"",
					"\"$(SRCROOT)/../../../../FacebookSDK\"",
				);
				GCC_PRECOMPILE_PREFIX_HEADER = YES;
				GCC_PREFIX_HEADER = "Scrumptious/Find Me!-Prefix.pch";
				GCC_WARN_ABOUT_MISSING_PROTOTYPES = YES;
				INFOPLIST_FILE = "Scrumptious/Find Me!-Info.plist";
				IPHONEOS_DEPLOYMENT_TARGET = 4.3;
				LIBRARY_SEARCH_PATHS = "$(inherited)";
				OTHER_LDFLAGS = "-lsqlite3.0";
				PRODUCT_NAME = "Find Me!";
				PROVISIONING_PROFILE = "";
				TARGETED_DEVICE_FAMILY = "1,2";
				WRAPPER_EXTENSION = app;
			};
			name = Debug;
		};
		B9CD0A92150EA4DE00560A93 /* Release */ = {
			isa = XCBuildConfiguration;
			buildSettings = {
				ALWAYS_SEARCH_USER_PATHS = NO;
				FRAMEWORK_SEARCH_PATHS = (
					"$(inherited)",
					"\"$(SRCROOT)/../../../../Documents/FacebookSDK\"",
					"\"$(SRCROOT)/../../../../FacebookSDK\"",
				);
				GCC_PRECOMPILE_PREFIX_HEADER = YES;
				GCC_PREFIX_HEADER = "Scrumptious/Find Me!-Prefix.pch";
				GCC_WARN_ABOUT_MISSING_PROTOTYPES = YES;
				INFOPLIST_FILE = "Scrumptious/Find Me!-Info.plist";
				IPHONEOS_DEPLOYMENT_TARGET = 4.3;
				LIBRARY_SEARCH_PATHS = "$(inherited)";
				OTHER_LDFLAGS = "-lsqlite3.0";
				PRODUCT_NAME = "Find Me!";
				TARGETED_DEVICE_FAMILY = "1,2";
				WRAPPER_EXTENSION = app;
			};
			name = Release;
		};
/* End XCBuildConfiguration section */

/* Begin XCConfigurationList section */
		B9CD0A69150EA4DD00560A93 /* Build configuration list for PBXProject "Find Me!" */ = {
			isa = XCConfigurationList;
			buildConfigurations = (
				B9CD0A8E150EA4DE00560A93 /* Debug */,
				B9CD0A8F150EA4DE00560A93 /* Release */,
			);
			defaultConfigurationIsVisible = 0;
			defaultConfigurationName = Release;
		};
		B9CD0A90150EA4DE00560A93 /* Build configuration list for PBXNativeTarget "Find Me!" */ = {
			isa = XCConfigurationList;
			buildConfigurations = (
				B9CD0A91150EA4DE00560A93 /* Debug */,
				B9CD0A92150EA4DE00560A93 /* Release */,
			);
			defaultConfigurationIsVisible = 0;
			defaultConfigurationName = Release;
		};
/* End XCConfigurationList section */
	};
	rootObject = B9CD0A66150EA4DD00560A93 /* Project object */;
}
